// !$*UTF8*$!
{
	archiveVersion = 1;
	classes = {
	};
	objectVersion = 77;
	objects = {

/* Begin PBXBuildFile section */
		05F723332E8A284400CC6575 /* MobileNetV2.mlmodel in Sources */ = {isa = PBXBuildFile; fileRef = 05F723322E8A284400CC6575 /* MobileNetV2.mlmodel */; };
/* End PBXBuildFile section */

/* Begin PBXContainerItemProxy section */
		05F723162E8A270500CC6575 /* PBXContainerItemProxy */ = {
			isa = PBXContainerItemProxy;
			containerPortal = 05F723002E8A270100CC6575 /* Project object */;
			proxyType = 1;
			remoteGlobalIDString = 05F723072E8A270100CC6575;
			remoteInfo = OnDeviceClassifierDemo;
		};
		05F723202E8A270500CC6575 /* PBXContainerItemProxy */ = {
			isa = PBXContainerItemProxy;
			containerPortal = 05F723002E8A270100CC6575 /* Project object */;
			proxyType = 1;
			remoteGlobalIDString = 05F723072E8A270100CC6575;
			remoteInfo = OnDeviceClassifierDemo;
		};
/* End PBXContainerItemProxy section */

/* Begin PBXFileReference section */
		05F723082E8A270100CC6575 /* OnDeviceClassifierDemo.app */ = {isa = PBXFileReference; explicitFileType = wrapper.application; includeInIndex = 0; path = OnDeviceClassifierDemo.app; sourceTree = BUILT_PRODUCTS_DIR; };
		05F723152E8A270500CC6575 /* OnDeviceClassifierDemoTests.xctest */ = {isa = PBXFileReference; explicitFileType = wrapper.cfbundle; includeInIndex = 0; path = OnDeviceClassifierDemoTests.xctest; sourceTree = BUILT_PRODUCTS_DIR; };
		05F7231F2E8A270500CC6575 /* OnDeviceClassifierDemoUITests.xctest */ = {isa = PBXFileReference; explicitFileType = wrapper.cfbundle; includeInIndex = 0; path = OnDeviceClassifierDemoUITests.xctest; sourceTree = BUILT_PRODUCTS_DIR; };
		05F723322E8A284400CC6575 /* MobileNetV2.mlmodel */ = {isa = PBXFileReference; lastKnownFileType = file.mlmodel; path = MobileNetV2.mlmodel; sourceTree = "<group>"; };
/* End PBXFileReference section */

/* Begin PBXFileSystemSynchronizedRootGroup section */
		05F7230A2E8A270100CC6575 /* OnDeviceClassifierDemo */ = {
			isa = PBXFileSystemSynchronizedRootGroup;
			path = OnDeviceClassifierDemo;
			sourceTree = "<group>";
		};
		05F723182E8A270500CC6575 /* OnDeviceClassifierDemoTests */ = {
			isa = PBXFileSystemSynchronizedRootGroup;
			path = OnDeviceClassifierDemoTests;
			sourceTree = "<group>";
		};
		05F723222E8A270500CC6575 /* OnDeviceClassifierDemoUITests */ = {
			isa = PBXFileSystemSynchronizedRootGroup;
			path = OnDeviceClassifierDemoUITests;
			sourceTree = "<group>";
		};
/* End PBXFileSystemSynchronizedRootGroup section */

/* Begin PBXFrameworksBuildPhase section */
		05F723052E8A270100CC6575 /* Frameworks */ = {
			isa = PBXFrameworksBuildPhase;
			buildActionMask = 2147483647;
			files = (
			);
			runOnlyForDeploymentPostprocessing = 0;
		};
		05F723122E8A270500CC6575 /* Frameworks */ = {
			isa = PBXFrameworksBuildPhase;
			buildActionMask = 2147483647;
			files = (
			);
			runOnlyForDeploymentPostprocessing = 0;
		};
		05F7231C2E8A270500CC6575 /* Frameworks */ = {
			isa = PBXFrameworksBuildPhase;
			buildActionMask = 2147483647;
			files = (
			);
			runOnlyForDeploymentPostprocessing = 0;
		};
/* End PBXFrameworksBuildPhase section */

/* Begin PBXGroup section */
		05F722FF2E8A270100CC6575 = {
			isa = PBXGroup;
			children = (
				05F7230A2E8A270100CC6575 /* OnDeviceClassifierDemo */,
				05F723182E8A270500CC6575 /* OnDeviceClassifierDemoTests */,
				05F723222E8A270500CC6575 /* OnDeviceClassifierDemoUITests */,
				05F723092E8A270100CC6575 /* Products */,
				05F723322E8A284400CC6575 /* MobileNetV2.mlmodel */,
			);
			sourceTree = "<group>";
		};
		05F723092E8A270100CC6575 /* Products */ = {
			isa = PBXGroup;
			children = (
				05F723082E8A270100CC6575 /* OnDeviceClassifierDemo.app */,
				05F723152E8A270500CC6575 /* OnDeviceClassifierDemoTests.xctest */,
				05F7231F2E8A270500CC6575 /* OnDeviceClassifierDemoUITests.xctest */,
			);
			name = Products;
			sourceTree = "<group>";
		};
/* End PBXGroup section */

/* Begin PBXNativeTarget section */
		05F723072E8A270100CC6575 /* OnDeviceClassifierDemo */ = {
			isa = PBXNativeTarget;
			buildConfigurationList = 05F723292E8A270500CC6575 /* Build configuration list for PBXNativeTarget "OnDeviceClassifierDemo" */;
			buildPhases = (
				05F723042E8A270100CC6575 /* Sources */,
				05F723052E8A270100CC6575 /* Frameworks */,
				05F723062E8A270100CC6575 /* Resources */,
			);
			buildRules = (
			);
			dependencies = (
			);
			fileSystemSynchronizedGroups = (
				05F7230A2E8A270100CC6575 /* OnDeviceClassifierDemo */,
			);
			name = OnDeviceClassifierDemo;
			packageProductDependencies = (
			);
			productName = OnDeviceClassifierDemo;
			productReference = 05F723082E8A270100CC6575 /* OnDeviceClassifierDemo.app */;
			productType = "com.apple.product-type.application";
		};
		05F723142E8A270500CC6575 /* OnDeviceClassifierDemoTests */ = {
			isa = PBXNativeTarget;
			buildConfigurationList = 05F7232C2E8A270500CC6575 /* Build configuration list for PBXNativeTarget "OnDeviceClassifierDemoTests" */;
			buildPhases = (
				05F723112E8A270500CC6575 /* Sources */,
				05F723122E8A270500CC6575 /* Frameworks */,
				05F723132E8A270500CC6575 /* Resources */,
			);
			buildRules = (
			);
			dependencies = (
				05F723172E8A270500CC6575 /* PBXTargetDependency */,
			);
			fileSystemSynchronizedGroups = (
				05F723182E8A270500CC6575 /* OnDeviceClassifierDemoTests */,
			);
			name = OnDeviceClassifierDemoTests;
			packageProductDependencies = (
			);
			productName = OnDeviceClassifierDemoTests;
			productReference = 05F723152E8A270500CC6575 /* OnDeviceClassifierDemoTests.xctest */;
			productType = "com.apple.product-type.bundle.unit-test";
		};
		05F7231E2E8A270500CC6575 /* OnDeviceClassifierDemoUITests */ = {
			isa = PBXNativeTarget;
			buildConfigurationList = 05F7232F2E8A270500CC6575 /* Build configuration list for PBXNativeTarget "OnDeviceClassifierDemoUITests" */;
			buildPhases = (
				05F7231B2E8A270500CC6575 /* Sources */,
				05F7231C2E8A270500CC6575 /* Frameworks */,
				05F7231D2E8A270500CC6575 /* Resources */,
			);
			buildRules = (
			);
			dependencies = (
				05F723212E8A270500CC6575 /* PBXTargetDependency */,
			);
			fileSystemSynchronizedGroups = (
				05F723222E8A270500CC6575 /* OnDeviceClassifierDemoUITests */,
			);
			name = OnDeviceClassifierDemoUITests;
			packageProductDependencies = (
			);
			productName = OnDeviceClassifierDemoUITests;
			productReference = 05F7231F2E8A270500CC6575 /* OnDeviceClassifierDemoUITests.xctest */;
			productType = "com.apple.product-type.bundle.ui-testing";
		};
/* End PBXNativeTarget section */

/* Begin PBXProject section */
		05F723002E8A270100CC6575 /* Project object */ = {
			isa = PBXProject;
			attributes = {
				BuildIndependentTargetsInParallel = 1;
				LastSwiftUpdateCheck = 2600;
				LastUpgradeCheck = 2600;
				TargetAttributes = {
					05F723072E8A270100CC6575 = {
						CreatedOnToolsVersion = 26.0;
					};
					05F723142E8A270500CC6575 = {
						CreatedOnToolsVersion = 26.0;
						TestTargetID = 05F723072E8A270100CC6575;
					};
					05F7231E2E8A270500CC6575 = {
						CreatedOnToolsVersion = 26.0;
						TestTargetID = 05F723072E8A270100CC6575;
					};
				};
			};
			buildConfigurationList = 05F723032E8A270100CC6575 /* Build configuration list for PBXProject "OnDeviceClassifierDemo" */;
			developmentRegion = en;
			hasScannedForEncodings = 0;
			knownRegions = (
				en,
				Base,
			);
			mainGroup = 05F722FF2E8A270100CC6575;
			minimizedProjectReferenceProxies = 1;
			preferredProjectObjectVersion = 77;
			productRefGroup = 05F723092E8A270100CC6575 /* Products */;
			projectDirPath = "";
			projectRoot = "";
			targets = (
				05F723072E8A270100CC6575 /* OnDeviceClassifierDemo */,
				05F723142E8A270500CC6575 /* OnDeviceClassifierDemoTests */,
				05F7231E2E8A270500CC6575 /* OnDeviceClassifierDemoUITests */,
			);
		};
/* End PBXProject section */

/* Begin PBXResourcesBuildPhase section */
		05F723062E8A270100CC6575 /* Resources */ = {
			isa = PBXResourcesBuildPhase;
			buildActionMask = 2147483647;
			files = (
			);
			runOnlyForDeploymentPostprocessing = 0;
		};
		05F723132E8A270500CC6575 /* Resources */ = {
			isa = PBXResourcesBuildPhase;
			buildActionMask = 2147483647;
			files = (
			);
			runOnlyForDeploymentPostprocessing = 0;
		};
		05F7231D2E8A270500CC6575 /* Resources */ = {
			isa = PBXResourcesBuildPhase;
			buildActionMask = 2147483647;
			files = (
			);
			runOnlyForDeploymentPostprocessing = 0;
		};
/* End PBXResourcesBuildPhase section */

/* Begin PBXSourcesBuildPhase section */
		05F723042E8A270100CC6575 /* Sources */ = {
			isa = PBXSourcesBuildPhase;
			buildActionMask = 2147483647;
			files = (
				05F723332E8A284400CC6575 /* MobileNetV2.mlmodel in Sources */,
			);
			runOnlyForDeploymentPostprocessing = 0;
		};
		05F723112E8A270500CC6575 /* Sources */ = {
			isa = PBXSourcesBuildPhase;
			buildActionMask = 2147483647;
			files = (
			);
			runOnlyForDeploymentPostprocessing = 0;
		};
		05F7231B2E8A270500CC6575 /* Sources */ = {
			isa = PBXSourcesBuildPhase;
			buildActionMask = 2147483647;
			files = (
			);
			runOnlyForDeploymentPostprocessing = 0;
		};
/* End PBXSourcesBuildPhase section */

/* Begin PBXTargetDependency section */
		05F723172E8A270500CC6575 /* PBXTargetDependency */ = {
			isa = PBXTargetDependency;
			target = 05F723072E8A270100CC6575 /* OnDeviceClassifierDemo */;
			targetProxy = 05F723162E8A270500CC6575 /* PBXContainerItemProxy */;
		};
		05F723212E8A270500CC6575 /* PBXTargetDependency */ = {
			isa = PBXTargetDependency;
			target = 05F723072E8A270100CC6575 /* OnDeviceClassifierDemo */;
			targetProxy = 05F723202E8A270500CC6575 /* PBXContainerItemProxy */;
		};
/* End PBXTargetDependency section */

/* Begin XCBuildConfiguration section */
		05F723272E8A270500CC6575 /* Debug */ = {
			isa = XCBuildConfiguration;
			buildSettings = {
				ALWAYS_SEARCH_USER_PATHS = NO;
				ASSETCATALOG_COMPILER_GENERATE_SWIFT_ASSET_SYMBOL_EXTENSIONS = YES;
				CLANG_ANALYZER_NONNULL = YES;
				CLANG_ANALYZER_NUMBER_OBJECT_CONVERSION = YES_AGGRESSIVE;
				CLANG_CXX_LANGUAGE_STANDARD = "gnu++20";
				CLANG_ENABLE_MODULES = YES;
				CLANG_ENABLE_OBJC_ARC = YES;
				CLANG_ENABLE_OBJC_WEAK = YES;
				CLANG_WARN_BLOCK_CAPTURE_AUTORELEASING = YES;
				CLANG_WARN_BOOL_CONVERSION = YES;
				CLANG_WARN_COMMA = YES;
				CLANG_WARN_CONSTANT_CONVERSION = YES;
				CLANG_WARN_DEPRECATED_OBJC_IMPLEMENTATIONS = YES;
				CLANG_WARN_DIRECT_OBJC_ISA_USAGE = YES_ERROR;
				CLANG_WARN_DOCUMENTATION_COMMENTS = YES;
				CLANG_WARN_EMPTY_BODY = YES;
				CLANG_WARN_ENUM_CONVERSION = YES;
				CLANG_WARN_INFINITE_RECURSION = YES;
				CLANG_WARN_INT_CONVERSION = YES;
				CLANG_WARN_NON_LITERAL_NULL_CONVERSION = YES;
				CLANG_WARN_OBJC_IMPLICIT_RETAIN_SELF = YES;
				CLANG_WARN_OBJC_LITERAL_CONVERSION = YES;
				CLANG_WARN_OBJC_ROOT_CLASS = YES_ERROR;
				CLANG_WARN_QUOTED_INCLUDE_IN_FRAMEWORK_HEADER = YES;
				CLANG_WARN_RANGE_LOOP_ANALYSIS = YES;
				CLANG_WARN_STRICT_PROTOTYPES = YES;
				CLANG_WARN_SUSPICIOUS_MOVE = YES;
				CLANG_WARN_UNGUARDED_AVAILABILITY = YES_AGGRESSIVE;
				CLANG_WARN_UNREACHABLE_CODE = YES;
				CLANG_WARN__DUPLICATE_METHOD_MATCH = YES;
				COPY_PHASE_STRIP = NO;
				DEBUG_INFORMATION_FORMAT = dwarf;
				DEVELOPMENT_TEAM = VNMK5763A9;
				ENABLE_STRICT_OBJC_MSGSEND = YES;
				ENABLE_TESTABILITY = YES;
				ENABLE_USER_SCRIPT_SANDBOXING = YES;
				GCC_C_LANGUAGE_STANDARD = gnu17;
				GCC_DYNAMIC_NO_PIC = NO;
				GCC_NO_COMMON_BLOCKS = YES;
				GCC_OPTIMIZATION_LEVEL = 0;
				GCC_PREPROCESSOR_DEFINITIONS = (
					"DEBUG=1",
					"$(inherited)",
				);
				GCC_WARN_64_TO_32_BIT_CONVERSION = YES;
				GCC_WARN_ABOUT_RETURN_TYPE = YES_ERROR;
				GCC_WARN_UNDECLARED_SELECTOR = YES;
				GCC_WARN_UNINITIALIZED_AUTOS = YES_AGGRESSIVE;
				GCC_WARN_UNUSED_FUNCTION = YES;
				GCC_WARN_UNUSED_VARIABLE = YES;
				IPHONEOS_DEPLOYMENT_TARGET = 26.0;
				LOCALIZATION_PREFERS_STRING_CATALOGS = YES;
				MTL_ENABLE_DEBUG_INFO = INCLUDE_SOURCE;
				MTL_FAST_MATH = YES;
				ONLY_ACTIVE_ARCH = YES;
				SDKROOT = iphoneos;
				SWIFT_ACTIVE_COMPILATION_CONDITIONS = "DEBUG $(inherited)";
				SWIFT_OPTIMIZATION_LEVEL = "-Onone";
			};
			name = Debug;
		};
		05F723282E8A270500CC6575 /* Release */ = {
			isa = XCBuildConfiguration;
			buildSettings = {
				ALWAYS_SEARCH_USER_PATHS = NO;
				ASSETCATALOG_COMPILER_GENERATE_SWIFT_ASSET_SYMBOL_EXTENSIONS = YES;
				CLANG_ANALYZER_NONNULL = YES;
				CLANG_ANALYZER_NUMBER_OBJECT_CONVERSION = YES_AGGRESSIVE;
				CLANG_CXX_LANGUAGE_STANDARD = "gnu++20";
				CLANG_ENABLE_MODULES = YES;
				CLANG_ENABLE_OBJC_ARC = YES;
				CLANG_ENABLE_OBJC_WEAK = YES;
				CLANG_WARN_BLOCK_CAPTURE_AUTORELEASING = YES;
				CLANG_WARN_BOOL_CONVERSION = YES;
				CLANG_WARN_COMMA = YES;
				CLANG_WARN_CONSTANT_CONVERSION = YES;
				CLANG_WARN_DEPRECATED_OBJC_IMPLEMENTATIONS = YES;
				CLANG_WARN_DIRECT_OBJC_ISA_USAGE = YES_ERROR;
				CLANG_WARN_DOCUMENTATION_COMMENTS = YES;
				CLANG_WARN_EMPTY_BODY = YES;
				CLANG_WARN_ENUM_CONVERSION = YES;
				CLANG_WARN_INFINITE_RECURSION = YES;
				CLANG_WARN_INT_CONVERSION = YES;
				CLANG_WARN_NON_LITERAL_NULL_CONVERSION = YES;
				CLANG_WARN_OBJC_IMPLICIT_RETAIN_SELF = YES;
				CLANG_WARN_OBJC_LITERAL_CONVERSION = YES;
				CLANG_WARN_OBJC_ROOT_CLASS = YES_ERROR;
				CLANG_WARN_QUOTED_INCLUDE_IN_FRAMEWORK_HEADER = YES;
				CLANG_WARN_RANGE_LOOP_ANALYSIS = YES;
				CLANG_WARN_STRICT_PROTOTYPES = YES;
				CLANG_WARN_SUSPICIOUS_MOVE = YES;
				CLANG_WARN_UNGUARDED_AVAILABILITY = YES_AGGRESSIVE;
				CLANG_WARN_UNREACHABLE_CODE = YES;
				CLANG_WARN__DUPLICATE_METHOD_MATCH = YES;
				COPY_PHASE_STRIP = NO;
				DEBUG_INFORMATION_FORMAT = "dwarf-with-dsym";
				DEVELOPMENT_TEAM = VNMK5763A9;
				ENABLE_NS_ASSERTIONS = NO;
				ENABLE_STRICT_OBJC_MSGSEND = YES;
				ENABLE_USER_SCRIPT_SANDBOXING = YES;
				GCC_C_LANGUAGE_STANDARD = gnu17;
				GCC_NO_COMMON_BLOCKS = YES;
				GCC_WARN_64_TO_32_BIT_CONVERSION = YES;
				GCC_WARN_ABOUT_RETURN_TYPE = YES_ERROR;
				GCC_WARN_UNDECLARED_SELECTOR = YES;
				GCC_WARN_UNINITIALIZED_AUTOS = YES_AGGRESSIVE;
				GCC_WARN_UNUSED_FUNCTION = YES;
				GCC_WARN_UNUSED_VARIABLE = YES;
				IPHONEOS_DEPLOYMENT_TARGET = 26.0;
				LOCALIZATION_PREFERS_STRING_CATALOGS = YES;
				MTL_ENABLE_DEBUG_INFO = NO;
				MTL_FAST_MATH = YES;
				SDKROOT = iphoneos;
				SWIFT_COMPILATION_MODE = wholemodule;
				VALIDATE_PRODUCT = YES;
			};
			name = Release;
		};
		05F7232A2E8A270500CC6575 /* Debug */ = {
			isa = XCBuildConfiguration;
			buildSettings = {
				ASSETCATALOG_COMPILER_APPICON_NAME = AppIcon;
				ASSETCATALOG_COMPILER_GLOBAL_ACCENT_COLOR_NAME = AccentColor;
				CODE_SIGN_STYLE = Automatic;
				CURRENT_PROJECT_VERSION = 1;
				DEVELOPMENT_TEAM = VNMK5763A9;
				ENABLE_PREVIEWS = YES;
				GENERATE_INFOPLIST_FILE = YES;
				INFOPLIST_KEY_UIApplicationSceneManifest_Generation = YES;
				INFOPLIST_KEY_UIApplicationSupportsIndirectInputEvents = YES;
				INFOPLIST_KEY_UILaunchScreen_Generation = YES;
				INFOPLIST_KEY_UISupportedInterfaceOrientations_iPad = "UIInterfaceOrientationPortrait UIInterfaceOrientationPortraitUpsideDown UIInterfaceOrientationLandscapeLeft UIInterfaceOrientationLandscapeRight";
				INFOPLIST_KEY_UISupportedInterfaceOrientations_iPhone = "UIInterfaceOrientationPortrait UIInterfaceOrientationLandscapeLeft UIInterfaceOrientationLandscapeRight";
				LD_RUNPATH_SEARCH_PATHS = (
					"$(inherited)",
					"@executable_path/Frameworks",
				);
				MARKETING_VERSION = 1.0;
				PRODUCT_BUNDLE_IDENTIFIER = com.divyajain.OnDeviceClassifierDemo;
				PRODUCT_NAME = "$(TARGET_NAME)";
				STRING_CATALOG_GENERATE_SYMBOLS = YES;
				SWIFT_APPROACHABLE_CONCURRENCY = YES;
				SWIFT_DEFAULT_ACTOR_ISOLATION = MainActor;
				SWIFT_EMIT_LOC_STRINGS = YES;
				SWIFT_UPCOMING_FEATURE_MEMBER_IMPORT_VISIBILITY = YES;
				SWIFT_VERSION = 5.0;
				TARGETED_DEVICE_FAMILY = "1,2";
			};
			name = Debug;
		};
		05F7232B2E8A270500CC6575 /* Release */ = {
			isa = XCBuildConfiguration;
			buildSettings = {
				ASSETCATALOG_COMPILER_APPICON_NAME = AppIcon;
				ASSETCATALOG_COMPILER_GLOBAL_ACCENT_COLOR_NAME = AccentColor;
				CODE_SIGN_STYLE = Automatic;
				CURRENT_PROJECT_VERSION = 1;
				DEVELOPMENT_TEAM = VNMK5763A9;
				ENABLE_PREVIEWS = YES;
				GENERATE_INFOPLIST_FILE = YES;
				INFOPLIST_KEY_UIApplicationSceneManifest_Generation = YES;
				INFOPLIST_KEY_UIApplicationSupportsIndirectInputEvents = YES;
				INFOPLIST_KEY_UILaunchScreen_Generation = YES;
				INFOPLIST_KEY_UISupportedInterfaceOrientations_iPad = "UIInterfaceOrientationPortrait UIInterfaceOrientationPortraitUpsideDown UIInterfaceOrientationLandscapeLeft UIInterfaceOrientationLandscapeRight";
				INFOPLIST_KEY_UISupportedInterfaceOrientations_iPhone = "UIInterfaceOrientationPortrait UIInterfaceOrientationLandscapeLeft UIInterfaceOrientationLandscapeRight";
				LD_RUNPATH_SEARCH_PATHS = (
					"$(inherited)",
					"@executable_path/Frameworks",
				);
				MARKETING_VERSION = 1.0;
				PRODUCT_BUNDLE_IDENTIFIER = com.divyajain.OnDeviceClassifierDemo;
				PRODUCT_NAME = "$(TARGET_NAME)";
				STRING_CATALOG_GENERATE_SYMBOLS = YES;
				SWIFT_APPROACHABLE_CONCURRENCY = YES;
				SWIFT_DEFAULT_ACTOR_ISOLATION = MainActor;
				SWIFT_EMIT_LOC_STRINGS = YES;
				SWIFT_UPCOMING_FEATURE_MEMBER_IMPORT_VISIBILITY = YES;
				SWIFT_VERSION = 5.0;
				TARGETED_DEVICE_FAMILY = "1,2";
			};
			name = Release;
		};
		05F7232D2E8A270500CC6575 /* Debug */ = {
			isa = XCBuildConfiguration;
			buildSettings = {
				BUNDLE_LOADER = "$(TEST_HOST)";
				CODE_SIGN_STYLE = Automatic;
				CURRENT_PROJECT_VERSION = 1;
				DEVELOPMENT_TEAM = VNMK5763A9;
				GENERATE_INFOPLIST_FILE = YES;
				IPHONEOS_DEPLOYMENT_TARGET = 26.0;
				MARKETING_VERSION = 1.0;
				PRODUCT_BUNDLE_IDENTIFIER = com.divyajain.OnDeviceClassifierDemoTests;
				PRODUCT_NAME = "$(TARGET_NAME)";
				STRING_CATALOG_GENERATE_SYMBOLS = NO;
				SWIFT_APPROACHABLE_CONCURRENCY = YES;
				SWIFT_EMIT_LOC_STRINGS = NO;
				SWIFT_UPCOMING_FEATURE_MEMBER_IMPORT_VISIBILITY = YES;
				SWIFT_VERSION = 5.0;
				TARGETED_DEVICE_FAMILY = "1,2";
				TEST_HOST = "$(BUILT_PRODUCTS_DIR)/OnDeviceClassifierDemo.app/$(BUNDLE_EXECUTABLE_FOLDER_PATH)/OnDeviceClassifierDemo";
			};
			name = Debug;
		};
		05F7232E2E8A270500CC6575 /* Release */ = {
			isa = XCBuildConfiguration;
			buildSettings = {
				BUNDLE_LOADER = "$(TEST_HOST)";
				CODE_SIGN_STYLE = Automatic;
				CURRENT_PROJECT_VERSION = 1;
				DEVELOPMENT_TEAM = VNMK5763A9;
				GENERATE_INFOPLIST_FILE = YES;
				IPHONEOS_DEPLOYMENT_TARGET = 26.0;
				MARKETING_VERSION = 1.0;
				PRODUCT_BUNDLE_IDENTIFIER = com.divyajain.OnDeviceClassifierDemoTests;
				PRODUCT_NAME = "$(TARGET_NAME)";
				STRING_CATALOG_GENERATE_SYMBOLS = NO;
				SWIFT_APPROACHABLE_CONCURRENCY = YES;
				SWIFT_EMIT_LOC_STRINGS = NO;
				SWIFT_UPCOMING_FEATURE_MEMBER_IMPORT_VISIBILITY = YES;
				SWIFT_VERSION = 5.0;
				TARGETED_DEVICE_FAMILY = "1,2";
				TEST_HOST = "$(BUILT_PRODUCTS_DIR)/OnDeviceClassifierDemo.app/$(BUNDLE_EXECUTABLE_FOLDER_PATH)/OnDeviceClassifierDemo";
			};
			name = Release;
		};
		05F723302E8A270500CC6575 /* Debug */ = {
			isa = XCBuildConfiguration;
			buildSettings = {
				CODE_SIGN_STYLE = Automatic;
				CURRENT_PROJECT_VERSION = 1;
				DEVELOPMENT_TEAM = VNMK5763A9;
				GENERATE_INFOPLIST_FILE = YES;
				INFOPLIST_KEY_NSPhotoLibraryUsageDescription = "Need photo access to classify images.";
				MARKETING_VERSION = 1.0;
				PRODUCT_BUNDLE_IDENTIFIER = com.divyajain.OnDeviceClassifierDemoUITests;
				PRODUCT_NAME = "$(TARGET_NAME)";
				STRING_CATALOG_GENERATE_SYMBOLS = NO;
				SWIFT_APPROACHABLE_CONCURRENCY = YES;
				SWIFT_EMIT_LOC_STRINGS = NO;
				SWIFT_UPCOMING_FEATURE_MEMBER_IMPORT_VISIBILITY = YES;
				SWIFT_VERSION = 5.0;
				TARGETED_DEVICE_FAMILY = "1,2";
				TEST_TARGET_NAME = OnDeviceClassifierDemo;
			};
			name = Debug;
		};
		05F723312E8A270500CC6575 /* Release */ = {
			isa = XCBuildConfiguration;
			buildSettings = {
				CODE_SIGN_STYLE = Automatic;
				CURRENT_PROJECT_VERSION = 1;
				DEVELOPMENT_TEAM = VNMK5763A9;
				GENERATE_INFOPLIST_FILE = YES;
				INFOPLIST_KEY_NSPhotoLibraryUsageDescription = "Need photo access to classify images.";
				MARKETING_VERSION = 1.0;
				PRODUCT_BUNDLE_IDENTIFIER = com.divyajain.OnDeviceClassifierDemoUITests;
				PRODUCT_NAME = "$(TARGET_NAME)";
				STRING_CATALOG_GENERATE_SYMBOLS = NO;
				SWIFT_APPROACHABLE_CONCURRENCY = YES;
				SWIFT_EMIT_LOC_STRINGS = NO;
				SWIFT_UPCOMING_FEATURE_MEMBER_IMPORT_VISIBILITY = YES;
				SWIFT_VERSION = 5.0;
				TARGETED_DEVICE_FAMILY = "1,2";
				TEST_TARGET_NAME = OnDeviceClassifierDemo;
			};
			name = Release;
		};
/* End XCBuildConfiguration section */

/* Begin XCConfigurationList section */
		05F723032E8A270100CC6575 /* Build configuration list for PBXProject "OnDeviceClassifierDemo" */ = {
			isa = XCConfigurationList;
			buildConfigurations = (
				05F723272E8A270500CC6575 /* Debug */,
				05F723282E8A270500CC6575 /* Release */,
			);
			defaultConfigurationIsVisible = 0;
			defaultConfigurationName = Release;
		};
		05F723292E8A270500CC6575 /* Build configuration list for PBXNativeTarget "OnDeviceClassifierDemo" */ = {
			isa = XCConfigurationList;
			buildConfigurations = (
				05F7232A2E8A270500CC6575 /* Debug */,
				05F7232B2E8A270500CC6575 /* Release */,
			);
			defaultConfigurationIsVisible = 0;
			defaultConfigurationName = Release;
		};
		05F7232C2E8A270500CC6575 /* Build configuration list for PBXNativeTarget "OnDeviceClassifierDemoTests" */ = {
			isa = XCConfigurationList;
			buildConfigurations = (
				05F7232D2E8A270500CC6575 /* Debug */,
				05F7232E2E8A270500CC6575 /* Release */,
			);
			defaultConfigurationIsVisible = 0;
			defaultConfigurationName = Release;
		};
		05F7232F2E8A270500CC6575 /* Build configuration list for PBXNativeTarget "OnDeviceClassifierDemoUITests" */ = {
			isa = XCConfigurationList;
			buildConfigurations = (
				05F723302E8A270500CC6575 /* Debug */,
				05F723312E8A270500CC6575 /* Release */,
			);
			defaultConfigurationIsVisible = 0;
			defaultConfigurationName = Release;
		};
/* End XCConfigurationList section */
	};
	rootObject = 05F723002E8A270100CC6575 /* Project object */;
}
